// !$*UTF8*$!
{
	archiveVersion = 1;
	classes = {
	};
	objectVersion = 56;
	objects = {

/* Begin PBXBuildFile section */
		FA32BDFC2B8B89DB00637C9E /* AppDelegate.swift in Sources */ = {isa = PBXBuildFile; fileRef = FA32BDFB2B8B89DB00637C9E /* AppDelegate.swift */; };
		FA32BDFE2B8B89DB00637C9E /* SceneDelegate.swift in Sources */ = {isa = PBXBuildFile; fileRef = FA32BDFD2B8B89DB00637C9E /* SceneDelegate.swift */; };
		FA32BE002B8B89DB00637C9E /* ViewController.swift in Sources */ = {isa = PBXBuildFile; fileRef = FA32BDFF2B8B89DB00637C9E /* ViewController.swift */; };
		FA32BE032B8B89DB00637C9E /* Main.storyboard in Resources */ = {isa = PBXBuildFile; fileRef = FA32BE012B8B89DB00637C9E /* Main.storyboard */; };
		FA32BE052B8B89DD00637C9E /* Assets.xcassets in Resources */ = {isa = PBXBuildFile; fileRef = FA32BE042B8B89DD00637C9E /* Assets.xcassets */; };
		FA32BE082B8B89DD00637C9E /* LaunchScreen.storyboard in Resources */ = {isa = PBXBuildFile; fileRef = FA32BE062B8B89DD00637C9E /* LaunchScreen.storyboard */; };
/* End PBXBuildFile section */

/* Begin PBXFileReference section */
		FA32BDF82B8B89DB00637C9E /* SurdurulabilirMahalleler.app */ = {isa = PBXFileReference; explicitFileType = wrapper.application; includeInIndex = 0; path = SurdurulabilirMahalleler.app; sourceTree = BUILT_PRODUCTS_DIR; };
		FA32BDFB2B8B89DB00637C9E /* AppDelegate.swift */ = {isa = PBXFileReference; lastKnownFileType = sourcecode.swift; path = AppDelegate.swift; sourceTree = "<group>"; };
		FA32BDFD2B8B89DB00637C9E /* SceneDelegate.swift */ = {isa = PBXFileReference; lastKnownFileType = sourcecode.swift; path = SceneDelegate.swift; sourceTree = "<group>"; };
		FA32BDFF2B8B89DB00637C9E /* ViewController.swift */ = {isa = PBXFileReference; lastKnownFileType = sourcecode.swift; path = ViewController.swift; sourceTree = "<group>"; };
		FA32BE022B8B89DB00637C9E /* Base */ = {isa = PBXFileReference; lastKnownFileType = file.storyboard; name = Base; path = Base.lproj/Main.storyboard; sourceTree = "<group>"; };
		FA32BE042B8B89DD00637C9E /* Assets.xcassets */ = {isa = PBXFileReference; lastKnownFileType = folder.assetcatalog; path = Assets.xcassets; sourceTree = "<group>"; };
		FA32BE072B8B89DD00637C9E /* Base */ = {isa = PBXFileReference; lastKnownFileType = file.storyboard; name = Base; path = Base.lproj/LaunchScreen.storyboard; sourceTree = "<group>"; };
		FA32BE092B8B89DD00637C9E /* Info.plist */ = {isa = PBXFileReference; lastKnownFileType = text.plist.xml; path = Info.plist; sourceTree = "<group>"; };
/* End PBXFileReference section */

/* Begin PBXFrameworksBuildPhase section */
		FA32BDF52B8B89DB00637C9E /* Frameworks */ = {
			isa = PBXFrameworksBuildPhase;
			buildActionMask = 2147483647;
			files = (
			);
			runOnlyForDeploymentPostprocessing = 0;
		};
/* End PBXFrameworksBuildPhase section */

/* Begin PBXGroup section */
		FA32BDEF2B8B89DB00637C9E = {
			isa = PBXGroup;
			children = (
				FA32BDFA2B8B89DB00637C9E /* SurdurulabilirMahalleler */,
				FA32BDF92B8B89DB00637C9E /* Products */,
			);
			sourceTree = "<group>";
		};
		FA32BDF92B8B89DB00637C9E /* Products */ = {
			isa = PBXGroup;
			children = (
				FA32BDF82B8B89DB00637C9E /* SurdurulabilirMahalleler.app */,
			);
			name = Products;
			sourceTree = "<group>";
		};
		FA32BDFA2B8B89DB00637C9E /* SurdurulabilirMahalleler */ = {
			isa = PBXGroup;
			children = (
				FA32BE172B8B8EE100637C9E /* Extension */,
				FA32BE0F2B8B8DE900637C9E /* Scene */,
				FA32BE162B8B8E6F00637C9E /* Constant */,
				FA32BE152B8B8E6400637C9E /* Model */,
				FA32BE142B8B8E5800637C9E /* Data */,
				FA32BE132B8B8E1F00637C9E /* SupportingFiles */,
				FA32BE122B8B8E1400637C9E /* Protocol */,
				FA32BE112B8B8E0500637C9E /* Delegate */,
				FA32BDFF2B8B89DB00637C9E /* ViewController.swift */,
				FA32BE012B8B89DB00637C9E /* Main.storyboard */,
				FA32BE092B8B89DD00637C9E /* Info.plist */,
			);
			path = SurdurulabilirMahalleler;
			sourceTree = "<group>";
		};
		FA32BE0F2B8B8DE900637C9E /* Scene */ = {
			isa = PBXGroup;
			children = (
				FA32BE062B8B89DD00637C9E /* LaunchScreen.storyboard */,
			);
			path = Scene;
			sourceTree = "<group>";
		};
		FA32BE112B8B8E0500637C9E /* Delegate */ = {
			isa = PBXGroup;
			children = (
			);
			path = Delegate;
			sourceTree = "<group>";
		};
		FA32BE122B8B8E1400637C9E /* Protocol */ = {
			isa = PBXGroup;
			children = (
			);
			path = Protocol;
			sourceTree = "<group>";
		};
		FA32BE132B8B8E1F00637C9E /* SupportingFiles */ = {
			isa = PBXGroup;
			children = (
				FA32BDFD2B8B89DB00637C9E /* SceneDelegate.swift */,
				FA32BDFB2B8B89DB00637C9E /* AppDelegate.swift */,
				FA32BE042B8B89DD00637C9E /* Assets.xcassets */,
			);
			path = SupportingFiles;
			sourceTree = "<group>";
		};
		FA32BE142B8B8E5800637C9E /* Data */ = {
			isa = PBXGroup;
			children = (
			);
			path = Data;
			sourceTree = "<group>";
		};
		FA32BE152B8B8E6400637C9E /* Model */ = {
			isa = PBXGroup;
			children = (
			);
			path = Model;
			sourceTree = "<group>";
		};
		FA32BE162B8B8E6F00637C9E /* Constant */ = {
			isa = PBXGroup;
			children = (
			);
			path = Constant;
			sourceTree = "<group>";
		};
		FA32BE172B8B8EE100637C9E /* Extension */ = {
			isa = PBXGroup;
			children = (
			);
			path = Extension;
			sourceTree = "<group>";
		};
/* End PBXGroup section */

/* Begin PBXNativeTarget section */
		FA32BDF72B8B89DB00637C9E /* SurdurulabilirMahalleler */ = {
			isa = PBXNativeTarget;
			buildConfigurationList = FA32BE0C2B8B89DD00637C9E /* Build configuration list for PBXNativeTarget "SurdurulabilirMahalleler" */;
			buildPhases = (
				FA32BDF42B8B89DB00637C9E /* Sources */,
				FA32BDF52B8B89DB00637C9E /* Frameworks */,
				FA32BDF62B8B89DB00637C9E /* Resources */,
			);
			buildRules = (
			);
			dependencies = (
			);
			name = SurdurulabilirMahalleler;
			productName = SurdurulabilirMahalleler;
			productReference = FA32BDF82B8B89DB00637C9E /* SurdurulabilirMahalleler.app */;
			productType = "com.apple.product-type.application";
		};
/* End PBXNativeTarget section */

/* Begin PBXProject section */
		FA32BDF02B8B89DB00637C9E /* Project object */ = {
			isa = PBXProject;
			attributes = {
				BuildIndependentTargetsInParallel = 1;
				LastSwiftUpdateCheck = 1510;
				LastUpgradeCheck = 1510;
				TargetAttributes = {
					FA32BDF72B8B89DB00637C9E = {
						CreatedOnToolsVersion = 15.1;
					};
				};
			};
			buildConfigurationList = FA32BDF32B8B89DB00637C9E /* Build configuration list for PBXProject "SurdurulabilirMahalleler" */;
			compatibilityVersion = "Xcode 14.0";
			developmentRegion = en;
			hasScannedForEncodings = 0;
			knownRegions = (
				en,
				Base,
			);
			mainGroup = FA32BDEF2B8B89DB00637C9E;
			productRefGroup = FA32BDF92B8B89DB00637C9E /* Products */;
			projectDirPath = "";
			projectRoot = "";
			targets = (
				FA32BDF72B8B89DB00637C9E /* SurdurulabilirMahalleler */,
			);
		};
/* End PBXProject section */

/* Begin PBXResourcesBuildPhase section */
		FA32BDF62B8B89DB00637C9E /* Resources */ = {
			isa = PBXResourcesBuildPhase;
			buildActionMask = 2147483647;
			files = (
				FA32BE082B8B89DD00637C9E /* LaunchScreen.storyboard in Resources */,
				FA32BE052B8B89DD00637C9E /* Assets.xcassets in Resources */,
				FA32BE032B8B89DB00637C9E /* Main.storyboard in Resources */,
			);
			runOnlyForDeploymentPostprocessing = 0;
		};
/* End PBXResourcesBuildPhase section */

/* Begin PBXSourcesBuildPhase section */
		FA32BDF42B8B89DB00637C9E /* Sources */ = {
			isa = PBXSourcesBuildPhase;
			buildActionMask = 2147483647;
			files = (
				FA32BE002B8B89DB00637C9E /* ViewController.swift in Sources */,
				FA32BDFC2B8B89DB00637C9E /* AppDelegate.swift in Sources */,
				FA32BDFE2B8B89DB00637C9E /* SceneDelegate.swift in Sources */,
			);
			runOnlyForDeploymentPostprocessing = 0;
		};
/* End PBXSourcesBuildPhase section */

/* Begin PBXVariantGroup section */
		FA32BE012B8B89DB00637C9E /* Main.storyboard */ = {
			isa = PBXVariantGroup;
			children = (
				FA32BE022B8B89DB00637C9E /* Base */,
			);
			name = Main.storyboard;
			sourceTree = "<group>";
		};
		FA32BE062B8B89DD00637C9E /* LaunchScreen.storyboard */ = {
			isa = PBXVariantGroup;
			children = (
				FA32BE072B8B89DD00637C9E /* Base */,
			);
			name = LaunchScreen.storyboard;
			sourceTree = "<group>";
		};
/* End PBXVariantGroup section */

/* Begin XCBuildConfiguration section */
		FA32BE0A2B8B89DD00637C9E /* Debug */ = {
			isa = XCBuildConfiguration;
			buildSettings = {
				ALWAYS_SEARCH_USER_PATHS = NO;
				ASSETCATALOG_COMPILER_GENERATE_SWIFT_ASSET_SYMBOL_EXTENSIONS = YES;
				CLANG_ANALYZER_NONNULL = YES;
				CLANG_ANALYZER_NUMBER_OBJECT_CONVERSION = YES_AGGRESSIVE;
				CLANG_CXX_LANGUAGE_STANDARD = "gnu++20";
				CLANG_ENABLE_MODULES = YES;
				CLANG_ENABLE_OBJC_ARC = YES;
				CLANG_ENABLE_OBJC_WEAK = YES;
				CLANG_WARN_BLOCK_CAPTURE_AUTORELEASING = YES;
				CLANG_WARN_BOOL_CONVERSION = YES;
				CLANG_WARN_COMMA = YES;
				CLANG_WARN_CONSTANT_CONVERSION = YES;
				CLANG_WARN_DEPRECATED_OBJC_IMPLEMENTATIONS = YES;
				CLANG_WARN_DIRECT_OBJC_ISA_USAGE = YES_ERROR;
				CLANG_WARN_DOCUMENTATION_COMMENTS = YES;
				CLANG_WARN_EMPTY_BODY = YES;
				CLANG_WARN_ENUM_CONVERSION = YES;
				CLANG_WARN_INFINITE_RECURSION = YES;
				CLANG_WARN_INT_CONVERSION = YES;
				CLANG_WARN_NON_LITERAL_NULL_CONVERSION = YES;
				CLANG_WARN_OBJC_IMPLICIT_RETAIN_SELF = YES;
				CLANG_WARN_OBJC_LITERAL_CONVERSION = YES;
				CLANG_WARN_OBJC_ROOT_CLASS = YES_ERROR;
				CLANG_WARN_QUOTED_INCLUDE_IN_FRAMEWORK_HEADER = YES;
				CLANG_WARN_RANGE_LOOP_ANALYSIS = YES;
				CLANG_WARN_STRICT_PROTOTYPES = YES;
				CLANG_WARN_SUSPICIOUS_MOVE = YES;
				CLANG_WARN_UNGUARDED_AVAILABILITY = YES_AGGRESSIVE;
				CLANG_WARN_UNREACHABLE_CODE = YES;
				CLANG_WARN__DUPLICATE_METHOD_MATCH = YES;
				COPY_PHASE_STRIP = NO;
				DEBUG_INFORMATION_FORMAT = dwarf;
				ENABLE_STRICT_OBJC_MSGSEND = YES;
				ENABLE_TESTABILITY = YES;
				ENABLE_USER_SCRIPT_SANDBOXING = YES;
				GCC_C_LANGUAGE_STANDARD = gnu17;
				GCC_DYNAMIC_NO_PIC = NO;
				GCC_NO_COMMON_BLOCKS = YES;
				GCC_OPTIMIZATION_LEVEL = 0;
				GCC_PREPROCESSOR_DEFINITIONS = (
					"DEBUG=1",
					"$(inherited)",
				);
				GCC_WARN_64_TO_32_BIT_CONVERSION = YES;
				GCC_WARN_ABOUT_RETURN_TYPE = YES_ERROR;
				GCC_WARN_UNDECLARED_SELECTOR = YES;
				GCC_WARN_UNINITIALIZED_AUTOS = YES_AGGRESSIVE;
				GCC_WARN_UNUSED_FUNCTION = YES;
				GCC_WARN_UNUSED_VARIABLE = YES;
				IPHONEOS_DEPLOYMENT_TARGET = 17.2;
				LOCALIZATION_PREFERS_STRING_CATALOGS = YES;
				MTL_ENABLE_DEBUG_INFO = INCLUDE_SOURCE;
				MTL_FAST_MATH = YES;
				ONLY_ACTIVE_ARCH = YES;
				SDKROOT = iphoneos;
				SWIFT_ACTIVE_COMPILATION_CONDITIONS = "DEBUG $(inherited)";
				SWIFT_OPTIMIZATION_LEVEL = "-Onone";
			};
			name = Debug;
		};
		FA32BE0B2B8B89DD00637C9E /* Release */ = {
			isa = XCBuildConfiguration;
			buildSettings = {
				ALWAYS_SEARCH_USER_PATHS = NO;
				ASSETCATALOG_COMPILER_GENERATE_SWIFT_ASSET_SYMBOL_EXTENSIONS = YES;
				CLANG_ANALYZER_NONNULL = YES;
				CLANG_ANALYZER_NUMBER_OBJECT_CONVERSION = YES_AGGRESSIVE;
				CLANG_CXX_LANGUAGE_STANDARD = "gnu++20";
				CLANG_ENABLE_MODULES = YES;
				CLANG_ENABLE_OBJC_ARC = YES;
				CLANG_ENABLE_OBJC_WEAK = YES;
				CLANG_WARN_BLOCK_CAPTURE_AUTORELEASING = YES;
				CLANG_WARN_BOOL_CONVERSION = YES;
				CLANG_WARN_COMMA = YES;
				CLANG_WARN_CONSTANT_CONVERSION = YES;
				CLANG_WARN_DEPRECATED_OBJC_IMPLEMENTATIONS = YES;
				CLANG_WARN_DIRECT_OBJC_ISA_USAGE = YES_ERROR;
				CLANG_WARN_DOCUMENTATION_COMMENTS = YES;
				CLANG_WARN_EMPTY_BODY = YES;
				CLANG_WARN_ENUM_CONVERSION = YES;
				CLANG_WARN_INFINITE_RECURSION = YES;
				CLANG_WARN_INT_CONVERSION = YES;
				CLANG_WARN_NON_LITERAL_NULL_CONVERSION = YES;
				CLANG_WARN_OBJC_IMPLICIT_RETAIN_SELF = YES;
				CLANG_WARN_OBJC_LITERAL_CONVERSION = YES;
				CLANG_WARN_OBJC_ROOT_CLASS = YES_ERROR;
				CLANG_WARN_QUOTED_INCLUDE_IN_FRAMEWORK_HEADER = YES;
				CLANG_WARN_RANGE_LOOP_ANALYSIS = YES;
				CLANG_WARN_STRICT_PROTOTYPES = YES;
				CLANG_WARN_SUSPICIOUS_MOVE = YES;
				CLANG_WARN_UNGUARDED_AVAILABILITY = YES_AGGRESSIVE;
				CLANG_WARN_UNREACHABLE_CODE = YES;
				CLANG_WARN__DUPLICATE_METHOD_MATCH = YES;
				COPY_PHASE_STRIP = NO;
				DEBUG_INFORMATION_FORMAT = "dwarf-with-dsym";
				ENABLE_NS_ASSERTIONS = NO;
				ENABLE_STRICT_OBJC_MSGSEND = YES;
				ENABLE_USER_SCRIPT_SANDBOXING = YES;
				GCC_C_LANGUAGE_STANDARD = gnu17;
				GCC_NO_COMMON_BLOCKS = YES;
				GCC_WARN_64_TO_32_BIT_CONVERSION = YES;
				GCC_WARN_ABOUT_RETURN_TYPE = YES_ERROR;
				GCC_WARN_UNDECLARED_SELECTOR = YES;
				GCC_WARN_UNINITIALIZED_AUTOS = YES_AGGRESSIVE;
				GCC_WARN_UNUSED_FUNCTION = YES;
				GCC_WARN_UNUSED_VARIABLE = YES;
				IPHONEOS_DEPLOYMENT_TARGET = 17.2;
				LOCALIZATION_PREFERS_STRING_CATALOGS = YES;
				MTL_ENABLE_DEBUG_INFO = NO;
				MTL_FAST_MATH = YES;
				SDKROOT = iphoneos;
				SWIFT_COMPILATION_MODE = wholemodule;
				VALIDATE_PRODUCT = YES;
			};
			name = Release;
		};
		FA32BE0D2B8B89DD00637C9E /* Debug */ = {
			isa = XCBuildConfiguration;
			buildSettings = {
				ASSETCATALOG_COMPILER_APPICON_NAME = AppIcon;
				ASSETCATALOG_COMPILER_GLOBAL_ACCENT_COLOR_NAME = AccentColor;
				CODE_SIGN_STYLE = Automatic;
				CURRENT_PROJECT_VERSION = 1;
				GENERATE_INFOPLIST_FILE = YES;
				INFOPLIST_FILE = SurdurulabilirMahalleler/Info.plist;
				INFOPLIST_KEY_UIApplicationSupportsIndirectInputEvents = YES;
				INFOPLIST_KEY_UILaunchStoryboardName = LaunchScreen;
				INFOPLIST_KEY_UIMainStoryboardFile = Main;
				INFOPLIST_KEY_UISupportedInterfaceOrientations_iPad = "UIInterfaceOrientationPortrait UIInterfaceOrientationPortraitUpsideDown UIInterfaceOrientationLandscapeLeft UIInterfaceOrientationLandscapeRight";
				INFOPLIST_KEY_UISupportedInterfaceOrientations_iPhone = "UIInterfaceOrientationPortrait UIInterfaceOrientationLandscapeLeft UIInterfaceOrientationLandscapeRight";
				LD_RUNPATH_SEARCH_PATHS = (
					"$(inherited)",
					"@executable_path/Frameworks",
				);
				MARKETING_VERSION = 1.0;
				PRODUCT_BUNDLE_IDENTIFIER = com.ilkayipek.SurdurulabilirMahalleler;
				PRODUCT_NAME = "$(TARGET_NAME)";
				SWIFT_EMIT_LOC_STRINGS = YES;
				SWIFT_VERSION = 5.0;
				TARGETED_DEVICE_FAMILY = "1,2";
			};
			name = Debug;
		};
		FA32BE0E2B8B89DD00637C9E /* Release */ = {
			isa = XCBuildConfiguration;
			buildSettings = {
				ASSETCATALOG_COMPILER_APPICON_NAME = AppIcon;
				ASSETCATALOG_COMPILER_GLOBAL_ACCENT_COLOR_NAME = AccentColor;
				CODE_SIGN_STYLE = Automatic;
				CURRENT_PROJECT_VERSION = 1;
				GENERATE_INFOPLIST_FILE = YES;
				INFOPLIST_FILE = SurdurulabilirMahalleler/Info.plist;
				INFOPLIST_KEY_UIApplicationSupportsIndirectInputEvents = YES;
				INFOPLIST_KEY_UILaunchStoryboardName = LaunchScreen;
				INFOPLIST_KEY_UIMainStoryboardFile = Main;
				INFOPLIST_KEY_UISupportedInterfaceOrientations_iPad = "UIInterfaceOrientationPortrait UIInterfaceOrientationPortraitUpsideDown UIInterfaceOrientationLandscapeLeft UIInterfaceOrientationLandscapeRight";
				INFOPLIST_KEY_UISupportedInterfaceOrientations_iPhone = "UIInterfaceOrientationPortrait UIInterfaceOrientationLandscapeLeft UIInterfaceOrientationLandscapeRight";
				LD_RUNPATH_SEARCH_PATHS = (
					"$(inherited)",
					"@executable_path/Frameworks",
				);
				MARKETING_VERSION = 1.0;
				PRODUCT_BUNDLE_IDENTIFIER = com.ilkayipek.SurdurulabilirMahalleler;
				PRODUCT_NAME = "$(TARGET_NAME)";
				SWIFT_EMIT_LOC_STRINGS = YES;
				SWIFT_VERSION = 5.0;
				TARGETED_DEVICE_FAMILY = "1,2";
			};
			name = Release;
		};
/* End XCBuildConfiguration section */

/* Begin XCConfigurationList section */
		FA32BDF32B8B89DB00637C9E /* Build configuration list for PBXProject "SurdurulabilirMahalleler" */ = {
			isa = XCConfigurationList;
			buildConfigurations = (
				FA32BE0A2B8B89DD00637C9E /* Debug */,
				FA32BE0B2B8B89DD00637C9E /* Release */,
			);
			defaultConfigurationIsVisible = 0;
			defaultConfigurationName = Release;
		};
		FA32BE0C2B8B89DD00637C9E /* Build configuration list for PBXNativeTarget "SurdurulabilirMahalleler" */ = {
			isa = XCConfigurationList;
			buildConfigurations = (
				FA32BE0D2B8B89DD00637C9E /* Debug */,
				FA32BE0E2B8B89DD00637C9E /* Release */,
			);
			defaultConfigurationIsVisible = 0;
			defaultConfigurationName = Release;
		};
/* End XCConfigurationList section */
	};
	rootObject = FA32BDF02B8B89DB00637C9E /* Project object */;
}
